
Microsoft Visual Studio Solution File, Format Version 12.00
# Visual Studio Version 17
VisualStudioVersion = 17.0.32112.339
MinimumVisualStudioVersion = 10.0.40219.1
Project("{FAE04EC0-301F-11D3-BF4B-00C04F79EFBC}") = "FluentValidationApp", "FluentValidationApp\FluentValidationApp.csproj", "{DCF42CD2-E97F-4B1A-A74F-F677310AF2C3}"
EndProject
Project("{FAE04EC0-301F-11D3-BF4B-00C04F79EFBC}") = "SmidgeApp.Web", "SmidgeApp.Web\SmidgeApp.Web.csproj", "{515E121B-863D-49B6-A5FA-418F18A125D7}"
EndProject
Global
	GlobalSection(SolutionConfigurationPlatforms) = preSolution
		Debug|Any CPU = Debug|Any CPU
		Release|Any CPU = Release|Any CPU
	EndGlobalSection
	GlobalSection(ProjectConfigurationPlatforms) = postSolution
		{DCF42CD2-E97F-4B1A-A74F-F677310AF2C3}.Debug|Any CPU.ActiveCfg = Debug|Any CPU
		{DCF42CD2-E97F-4B1A-A74F-F677310AF2C3}.Debug|Any CPU.Build.0 = Debug|Any CPU
		{DCF42CD2-E97F-4B1A-A74F-F677310AF2C3}.Release|Any CPU.ActiveCfg = Release|Any CPU
		{DCF42CD2-E97F-4B1A-A74F-F677310AF2C3}.Release|Any CPU.Build.0 = Release|Any CPU
		{515E121B-863D-49B6-A5FA-418F18A125D7}.Debug|Any CPU.ActiveCfg = Debug|Any CPU
		{515E121B-863D-49B6-A5FA-418F18A125D7}.Debug|Any CPU.Build.0 = Debug|Any CPU
		{515E121B-863D-49B6-A5FA-418F18A125D7}.Release|Any CPU.ActiveCfg = Release|Any CPU
		{515E121B-863D-49B6-A5FA-418F18A125D7}.Release|Any CPU.Build.0 = Release|Any CPU
	EndGlobalSection
	GlobalSection(SolutionProperties) = preSolution
		HideSolutionNode = FALSE
	EndGlobalSection
	GlobalSection(ExtensibilityGlobals) = postSolution
		SolutionGuid = {36336384-6D5A-4D15-A18C-0D4D95D81F2B}
	EndGlobalSection
EndGlobal
