
Microsoft Visual Studio Solution File, Format Version 12.00
# Visual Studio Version 17
VisualStudioVersion = 17.0.32112.339
MinimumVisualStudioVersion = 10.0.40219.1
Project("{FAE04EC0-301F-11D3-BF4B-00C04F79EFBC}") = "FluentValidationApp", "FluentValidationApp\FluentValidationApp.csproj", "{DCF42CD2-E97F-4B1A-A74F-F677310AF2C3}"
EndProject
Project("{FAE04EC0-301F-11D3-BF4B-00C04F79EFBC}") = "UdemyErrorHandlingApp", "UdemyErrorHandlingApp\UdemyErrorHandlingApp.csproj", "{FA3C9411-6EF5-494D-8049-E0A41B472659}"
EndProject
Global
	GlobalSection(SolutionConfigurationPlatforms) = preSolution
		Debug|Any CPU = Debug|Any CPU
		Release|Any CPU = Release|Any CPU
	EndGlobalSection
	GlobalSection(ProjectConfigurationPlatforms) = postSolution
		{DCF42CD2-E97F-4B1A-A74F-F677310AF2C3}.Debug|Any CPU.ActiveCfg = Debug|Any CPU
		{DCF42CD2-E97F-4B1A-A74F-F677310AF2C3}.Debug|Any CPU.Build.0 = Debug|Any CPU
		{DCF42CD2-E97F-4B1A-A74F-F677310AF2C3}.Release|Any CPU.ActiveCfg = Release|Any CPU
		{DCF42CD2-E97F-4B1A-A74F-F677310AF2C3}.Release|Any CPU.Build.0 = Release|Any CPU
		{FA3C9411-6EF5-494D-8049-E0A41B472659}.Debug|Any CPU.ActiveCfg = Debug|Any CPU
		{FA3C9411-6EF5-494D-8049-E0A41B472659}.Debug|Any CPU.Build.0 = Debug|Any CPU
		{FA3C9411-6EF5-494D-8049-E0A41B472659}.Release|Any CPU.ActiveCfg = Release|Any CPU
		{FA3C9411-6EF5-494D-8049-E0A41B472659}.Release|Any CPU.Build.0 = Release|Any CPU
	EndGlobalSection
	GlobalSection(SolutionProperties) = preSolution
		HideSolutionNode = FALSE
	EndGlobalSection
	GlobalSection(ExtensibilityGlobals) = postSolution
		SolutionGuid = {36336384-6D5A-4D15-A18C-0D4D95D81F2B}
	EndGlobalSection
EndGlobal
